
Microsoft Visual Studio Solution File, Format Version 12.00
# Visual Studio Version 17
VisualStudioVersion = 17.2.32616.157
MinimumVisualStudioVersion = 10.0.40219.1
Project("{FAE04EC0-301F-11D3-BF4B-00C04F79EFBC}") = "FizzBuzz", "FizzBuzz\FizzBuzz.csproj", "{244BF3FD-D349-40CD-9F2B-E2294F809365}"
EndProject
Project("{FAE04EC0-301F-11D3-BF4B-00C04F79EFBC}") = "FizzBuzz.Tests", "FizzBuzz.Tests\FizzBuzz.Tests.csproj", "{4D691C27-46AC-4A66-A7B5-63FCECE85A5B}"
EndProject
Global
	GlobalSection(SolutionConfigurationPlatforms) = preSolution
		Debug|Any CPU = Debug|Any CPU
		Release|Any CPU = Release|Any CPU
	EndGlobalSection
	GlobalSection(ProjectConfigurationPlatforms) = postSolution
		{244BF3FD-D349-40CD-9F2B-E2294F809365}.Debug|Any CPU.ActiveCfg = Debug|Any CPU
		{244BF3FD-D349-40CD-9F2B-E2294F809365}.Debug|Any CPU.Build.0 = Debug|Any CPU
		{244BF3FD-D349-40CD-9F2B-E2294F809365}.Release|Any CPU.ActiveCfg = Release|Any CPU
		{244BF3FD-D349-40CD-9F2B-E2294F809365}.Release|Any CPU.Build.0 = Release|Any CPU
		{4D691C27-46AC-4A66-A7B5-63FCECE85A5B}.Debug|Any CPU.ActiveCfg = Debug|Any CPU
		{4D691C27-46AC-4A66-A7B5-63FCECE85A5B}.Debug|Any CPU.Build.0 = Debug|Any CPU
		{4D691C27-46AC-4A66-A7B5-63FCECE85A5B}.Release|Any CPU.ActiveCfg = Release|Any CPU
		{4D691C27-46AC-4A66-A7B5-63FCECE85A5B}.Release|Any CPU.Build.0 = Release|Any CPU
	EndGlobalSection
	GlobalSection(SolutionProperties) = preSolution
		HideSolutionNode = FALSE
	EndGlobalSection
	GlobalSection(ExtensibilityGlobals) = postSolution
		SolutionGuid = {D2C2C60E-7F0A-442C-855A-93AD64DCEDAD}
	EndGlobalSection
EndGlobal
